# This file is generated by running "yarn install" inside your project.
# Manual changes might be lost - proceed with caution!

__metadata:
  version: 8
  cacheKey: 10

"@bcoe/v8-coverage@npm:^1.0.1":
  version: 1.0.1
  resolution: "@bcoe/v8-coverage@npm:1.0.1"
  checksum: fb1ae58d23912d7d91704b9bede88023c8593526bf82f470415bd6ffb29a0375aee120e301a8f84ca498695843fa384dea666729548c7974f3e8e1c41d6eb7d3
  languageName: node
  linkType: hard

"@biomejs/biome@npm:1.9.4":
  version: 1.9.4
  resolution: "@biomejs/biome@npm:1.9.4"
  dependencies:
    "@biomejs/cli-darwin-arm64": "npm:1.9.4"
    "@biomejs/cli-darwin-x64": "npm:1.9.4"
    "@biomejs/cli-linux-arm64": "npm:1.9.4"
    "@biomejs/cli-linux-arm64-musl": "npm:1.9.4"
    "@biomejs/cli-linux-x64": "npm:1.9.4"
    "@biomejs/cli-linux-x64-musl": "npm:1.9.4"
    "@biomejs/cli-win32-arm64": "npm:1.9.4"
    "@biomejs/cli-win32-x64": "npm:1.9.4"
  dependenciesMeta:
    "@biomejs/cli-darwin-arm64":
      optional: true
    "@biomejs/cli-darwin-x64":
      optional: true
    "@biomejs/cli-linux-arm64":
      optional: true
    "@biomejs/cli-linux-arm64-musl":
      optional: true
    "@biomejs/cli-linux-x64":
      optional: true
    "@biomejs/cli-linux-x64-musl":
      optional: true
    "@biomejs/cli-win32-arm64":
      optional: true
    "@biomejs/cli-win32-x64":
      optional: true
  bin:
    biome: bin/biome
  checksum: bd8ff8fb4dc0581bd60a9b9ac28d0cd03ba17c6a1de2ab6228b7fda582079594ceee774f47e41aac2fc6d35de1637def2e32ef2e58fa24e22d1b24ef9ee5cefa
  languageName: node
  linkType: hard

"@biomejs/cli-darwin-arm64@npm:1.9.4":
  version: 1.9.4
  resolution: "@biomejs/cli-darwin-arm64@npm:1.9.4"
  conditions: os=darwin & cpu=arm64
  languageName: node
  linkType: hard

"@biomejs/cli-darwin-x64@npm:1.9.4":
  version: 1.9.4
  resolution: "@biomejs/cli-darwin-x64@npm:1.9.4"
  conditions: os=darwin & cpu=x64
  languageName: node
  linkType: hard

"@biomejs/cli-linux-arm64-musl@npm:1.9.4":
  version: 1.9.4
  resolution: "@biomejs/cli-linux-arm64-musl@npm:1.9.4"
  conditions: os=linux & cpu=arm64 & libc=musl
  languageName: node
  linkType: hard

"@biomejs/cli-linux-arm64@npm:1.9.4":
  version: 1.9.4
  resolution: "@biomejs/cli-linux-arm64@npm:1.9.4"
  conditions: os=linux & cpu=arm64 & libc=glibc
  languageName: node
  linkType: hard

"@biomejs/cli-linux-x64-musl@npm:1.9.4":
  version: 1.9.4
  resolution: "@biomejs/cli-linux-x64-musl@npm:1.9.4"
  conditions: os=linux & cpu=x64 & libc=musl
  languageName: node
  linkType: hard

"@biomejs/cli-linux-x64@npm:1.9.4":
  version: 1.9.4
  resolution: "@biomejs/cli-linux-x64@npm:1.9.4"
  conditions: os=linux & cpu=x64 & libc=glibc
  languageName: node
  linkType: hard

"@biomejs/cli-win32-arm64@npm:1.9.4":
  version: 1.9.4
  resolution: "@biomejs/cli-win32-arm64@npm:1.9.4"
  conditions: os=win32 & cpu=arm64
  languageName: node
  linkType: hard

"@biomejs/cli-win32-x64@npm:1.9.4":
  version: 1.9.4
  resolution: "@biomejs/cli-win32-x64@npm:1.9.4"
  conditions: os=win32 & cpu=x64
  languageName: node
  linkType: hard

"@cspotcode/source-map-support@npm:^0.8.0":
  version: 0.8.1
  resolution: "@cspotcode/source-map-support@npm:0.8.1"
  dependencies:
    "@jridgewell/trace-mapping": "npm:0.3.9"
  checksum: b6e38a1712fab242c86a241c229cf562195aad985d0564bd352ac404be583029e89e93028ffd2c251d2c407ecac5fb0cbdca94a2d5c10f29ac806ede0508b3ff
  languageName: node
  linkType: hard

"@isaacs/cliui@npm:^8.0.2":
  version: 8.0.2
  resolution: "@isaacs/cliui@npm:8.0.2"
  dependencies:
    string-width: "npm:^5.1.2"
    string-width-cjs: "npm:string-width@^4.2.0"
    strip-ansi: "npm:^7.0.1"
    strip-ansi-cjs: "npm:strip-ansi@^6.0.1"
    wrap-ansi: "npm:^8.1.0"
    wrap-ansi-cjs: "npm:wrap-ansi@^7.0.0"
  checksum: e9ed5fd27c3aec1095e3a16e0c0cf148d1fee55a38665c35f7b3f86a9b5d00d042ddaabc98e8a1cb7463b9378c15f22a94eb35e99469c201453eb8375191f243
  languageName: node
  linkType: hard

"@istanbuljs/schema@npm:^0.1.2":
  version: 0.1.2
  resolution: "@istanbuljs/schema@npm:0.1.2"
  checksum: e4a7fffc72fb2cfe2edfee8a09f68b2da18b1ab328a29d8be2933681f9e36103f0b083a5ae07129f4de26296eb7c2a1cc144cfea6cdb47f871a69766947144d3
  languageName: node
  linkType: hard

"@istanbuljs/schema@npm:^0.1.3":
  version: 0.1.3
  resolution: "@istanbuljs/schema@npm:0.1.3"
  checksum: a9b1e49acdf5efc2f5b2359f2df7f90c5c725f2656f16099e8b2cd3a000619ecca9fc48cf693ba789cf0fd989f6e0df6a22bc05574be4223ecdbb7997d04384b
  languageName: node
  linkType: hard

"@jridgewell/resolve-uri@npm:^3.0.3":
  version: 3.1.0
  resolution: "@jridgewell/resolve-uri@npm:3.1.0"
  checksum: 320ceb37af56953757b28e5b90c34556157676d41e3d0a3ff88769274d62373582bb0f0276a4f2d29c3f4fdd55b82b8be5731f52d391ad2ecae9b321ee1c742d
  languageName: node
  linkType: hard

"@jridgewell/resolve-uri@npm:^3.1.0":
  version: 3.1.2
  resolution: "@jridgewell/resolve-uri@npm:3.1.2"
  checksum: 97106439d750a409c22c8bff822d648f6a71f3aa9bc8e5129efdc36343cd3096ddc4eeb1c62d2fe48e9bdd4db37b05d4646a17114ecebd3bbcacfa2de51c3c1d
  languageName: node
  linkType: hard

"@jridgewell/sourcemap-codec@npm:^1.4.10":
  version: 1.4.14
  resolution: "@jridgewell/sourcemap-codec@npm:1.4.14"
  checksum: 26e768fae6045481a983e48aa23d8fcd23af5da70ebd74b0649000e815e7fbb01ea2bc088c9176b3fffeb9bec02184e58f46125ef3320b30eaa1f4094cfefa38
  languageName: node
  linkType: hard

"@jridgewell/sourcemap-codec@npm:^1.4.14":
  version: 1.5.0
  resolution: "@jridgewell/sourcemap-codec@npm:1.5.0"
  checksum: 4ed6123217569a1484419ac53f6ea0d9f3b57e5b57ab30d7c267bdb27792a27eb0e4b08e84a2680aa55cc2f2b411ffd6ec3db01c44fdc6dc43aca4b55f8374fd
  languageName: node
  linkType: hard

"@jridgewell/trace-mapping@npm:0.3.9":
  version: 0.3.9
  resolution: "@jridgewell/trace-mapping@npm:0.3.9"
  dependencies:
    "@jridgewell/resolve-uri": "npm:^3.0.3"
    "@jridgewell/sourcemap-codec": "npm:^1.4.10"
  checksum: 83deafb8e7a5ca98993c2c6eeaa93c270f6f647a4c0dc00deb38c9cf9b2d3b7bf15e8839540155247ef034a052c0ec4466f980bf0c9e2ab63b97d16c0cedd3ff
  languageName: node
  linkType: hard

"@jridgewell/trace-mapping@npm:^0.3.12":
  version: 0.3.25
  resolution: "@jridgewell/trace-mapping@npm:0.3.25"
  dependencies:
    "@jridgewell/resolve-uri": "npm:^3.1.0"
    "@jridgewell/sourcemap-codec": "npm:^1.4.14"
  checksum: dced32160a44b49d531b80a4a2159dceab6b3ddf0c8e95a0deae4b0e894b172defa63d5ac52a19c2068e1fe7d31ea4ba931fbeec103233ecb4208953967120fc
  languageName: node
  linkType: hard

"@pkgjs/parseargs@npm:^0.11.0":
  version: 0.11.0
  resolution: "@pkgjs/parseargs@npm:0.11.0"
  checksum: 115e8ceeec6bc69dff2048b35c0ab4f8bbee12d8bb6c1f4af758604586d802b6e669dcb02dda61d078de42c2b4ddce41b3d9e726d7daa6b4b850f4adbf7333ff
  languageName: node
  linkType: hard

"@tsconfig/node10@npm:^1.0.7":
  version: 1.0.11
  resolution: "@tsconfig/node10@npm:1.0.11"
  checksum: 51fe47d55fe1b80ec35e6e5ed30a13665fd3a531945350aa74a14a1e82875fb60b350c2f2a5e72a64831b1b6bc02acb6760c30b3738b54954ec2dea82db7a267
  languageName: node
  linkType: hard

"@tsconfig/node12@npm:^1.0.7":
  version: 1.0.11
  resolution: "@tsconfig/node12@npm:1.0.11"
  checksum: 5ce29a41b13e7897a58b8e2df11269c5395999e588b9a467386f99d1d26f6c77d1af2719e407621412520ea30517d718d5192a32403b8dfcc163bf33e40a338a
  languageName: node
  linkType: hard

"@tsconfig/node14@npm:^1.0.0":
  version: 1.0.3
  resolution: "@tsconfig/node14@npm:1.0.3"
  checksum: 19275fe80c4c8d0ad0abed6a96dbf00642e88b220b090418609c4376e1cef81bf16237bf170ad1b341452feddb8115d8dd2e5acdfdea1b27422071163dc9ba9d
  languageName: node
  linkType: hard

"@tsconfig/node16@npm:^1.0.2":
  version: 1.0.4
  resolution: "@tsconfig/node16@npm:1.0.4"
  checksum: 202319785901f942a6e1e476b872d421baec20cf09f4b266a1854060efbf78cde16a4d256e8bc949d31e6cd9a90f1e8ef8fb06af96a65e98338a2b6b0de0a0ff
  languageName: node
  linkType: hard

"@types/glob@npm:8.1.0":
  version: 8.1.0
  resolution: "@types/glob@npm:8.1.0"
  dependencies:
    "@types/minimatch": "npm:^5.1.2"
    "@types/node": "npm:*"
  checksum: 9101f3a9061e40137190f70626aa0e202369b5ec4012c3fabe6f5d229cce04772db9a94fa5a0eb39655e2e4ad105c38afbb4af56a56c0996a8c7d4fc72350e3d
  languageName: node
  linkType: hard

"@types/istanbul-lib-coverage@npm:^2.0.1":
  version: 2.0.6
  resolution: "@types/istanbul-lib-coverage@npm:2.0.6"
  checksum: 3feac423fd3e5449485afac999dcfcb3d44a37c830af898b689fadc65d26526460bedb889db278e0d4d815a670331796494d073a10ee6e3a6526301fe7415778
  languageName: node
  linkType: hard

"@types/minimatch@npm:^5.1.2":
  version: 5.1.2
  resolution: "@types/minimatch@npm:5.1.2"
  checksum: 94db5060d20df2b80d77b74dd384df3115f01889b5b6c40fa2dfa27cfc03a68fb0ff7c1f2a0366070263eb2e9d6bfd8c87111d4bc3ae93c3f291297c1bf56c85
  languageName: node
  linkType: hard

"@types/node@npm:*":
  version: 18.0.3
  resolution: "@types/node@npm:18.0.3"
  checksum: 736dac4284972d3bac87a89698a0b2b536a1793be6be4cf28f7ea1fd76d371b906c338278fa842ec1d6e819707b6749d6f41fd9b3ed92ff18db5e6220b600a9e
  languageName: node
  linkType: hard

"@types/node@npm:18.19.39":
  version: 18.19.39
  resolution: "@types/node@npm:18.19.39"
  dependencies:
    undici-types: "npm:~5.26.4"
  checksum: d2fe84adf087a4184217b666f675e99678060d15f84882a4a1c3e49c3dca521a7e99a201a3c073c2b60b00419f1f4c3b357d8f7397f65e400dc3b77b0145a1da
  languageName: node
  linkType: hard

"acorn-walk@npm:^8.1.1":
  version: 8.2.0
  resolution: "acorn-walk@npm:8.2.0"
  checksum: e69f7234f2adfeb16db3671429a7c80894105bd7534cb2032acf01bb26e6a847952d11a062d071420b43f8d82e33d2e57f26fe87d9cce0853e8143d8910ff1de
  languageName: node
  linkType: hard

"acorn@npm:^8.4.1":
  version: 8.7.1
  resolution: "acorn@npm:8.7.1"
  bin:
    acorn: bin/acorn
  checksum: 60a550c0c1173379a4ed29abd76f8a7f80adccdb8862afc8ce217fd006b7f47e8a035a72f518fcc0ef386334f0f91b6c8140cc51fd51137b8ecedf43663acf9a
  languageName: node
  linkType: hard

"ansi-regex@npm:^5.0.1":
  version: 5.0.1
  resolution: "ansi-regex@npm:5.0.1"
  checksum: 2aa4bb54caf2d622f1afdad09441695af2a83aa3fe8b8afa581d205e57ed4261c183c4d3877cee25794443fde5876417d859c108078ab788d6af7e4fe52eb66b
  languageName: node
  linkType: hard

"ansi-regex@npm:^6.0.1":
  version: 6.0.1
  resolution: "ansi-regex@npm:6.0.1"
  checksum: 1ff8b7667cded1de4fa2c9ae283e979fc87036864317da86a2e546725f96406746411d0d85e87a2d12fa5abd715d90006de7fa4fa0477c92321ad3b4c7d4e169
  languageName: node
  linkType: hard

"ansi-sequence-parser@npm:^1.1.0":
  version: 1.1.0
  resolution: "ansi-sequence-parser@npm:1.1.0"
  checksum: b9a9bd4ce0ec58c90e1ca404f74b45b0dbbc96e8cb8d856ede122e2c5c2d3b6a1054f181dde22bc0f1f2a7ea971cdcb8f47c6fd76ed8878b3676416522df615a
  languageName: node
  linkType: hard

"ansi-styles@npm:^4.0.0":
  version: 4.3.0
  resolution: "ansi-styles@npm:4.3.0"
  dependencies:
    color-convert: "npm:^2.0.1"
  checksum: b4494dfbfc7e4591b4711a396bd27e540f8153914123dccb4cdbbcb514015ada63a3809f362b9d8d4f6b17a706f1d7bea3c6f974b15fa5ae76b5b502070889ff
  languageName: node
  linkType: hard

"ansi-styles@npm:^6.1.0":
  version: 6.2.1
  resolution: "ansi-styles@npm:6.2.1"
  checksum: 70fdf883b704d17a5dfc9cde206e698c16bcd74e7f196ab821511651aee4f9f76c9514bdfa6ca3a27b5e49138b89cb222a28caf3afe4567570139577f991df32
  languageName: node
  linkType: hard

"arg@npm:^4.1.0":
  version: 4.1.3
  resolution: "arg@npm:4.1.3"
  checksum: 969b491082f20cad166649fa4d2073ea9e974a4e5ac36247ca23d2e5a8b3cb12d60e9ff70a8acfe26d76566c71fd351ee5e6a9a6595157eb36f92b1fd64e1599
  languageName: node
  linkType: hard

"balanced-match@npm:^1.0.0":
  version: 1.0.0
  resolution: "balanced-match@npm:1.0.0"
  checksum: 9b67bfe558772f40cf743a3469b48b286aecec2ea9fe80c48d74845e53aab1cef524fafedf123a63019b49ac397760573ef5f173f539423061f7217cbb5fbd40
  languageName: node
  linkType: hard

"brace-expansion@npm:^2.0.1":
  version: 2.0.1
  resolution: "brace-expansion@npm:2.0.1"
  dependencies:
    balanced-match: "npm:^1.0.0"
  checksum: a61e7cd2e8a8505e9f0036b3b6108ba5e926b4b55089eeb5550cd04a471fe216c96d4fe7e4c7f995c728c554ae20ddfc4244cad10aef255e72b62930afd233d1
  languageName: node
  linkType: hard

"c8@npm:10.1.3":
  version: 10.1.3
  resolution: "c8@npm:10.1.3"
  dependencies:
    "@bcoe/v8-coverage": "npm:^1.0.1"
    "@istanbuljs/schema": "npm:^0.1.3"
    find-up: "npm:^5.0.0"
    foreground-child: "npm:^3.1.1"
    istanbul-lib-coverage: "npm:^3.2.0"
    istanbul-lib-report: "npm:^3.0.1"
    istanbul-reports: "npm:^3.1.6"
    test-exclude: "npm:^7.0.1"
    v8-to-istanbul: "npm:^9.0.0"
    yargs: "npm:^17.7.2"
    yargs-parser: "npm:^21.1.1"
  peerDependencies:
    monocart-coverage-reports: ^2
  peerDependenciesMeta:
    monocart-coverage-reports:
      optional: true
  bin:
    c8: bin/c8.js
  checksum: 6fdc2097fec28a14089fb6e450a5d7532b39391de5c1fd04803430c7a27be4fff6311388ab9ca8cc570c42062bf0c0fa1d7f23558957f7ab35b781f33a5f0906
  languageName: node
  linkType: hard

"cliui@npm:^8.0.1":
  version: 8.0.1
  resolution: "cliui@npm:8.0.1"
  dependencies:
    string-width: "npm:^4.2.0"
    strip-ansi: "npm:^6.0.1"
    wrap-ansi: "npm:^7.0.0"
  checksum: eaa5561aeb3135c2cddf7a3b3f562fc4238ff3b3fc666869ef2adf264be0f372136702f16add9299087fb1907c2e4ec5dbfe83bd24bce815c70a80c6c1a2e950
  languageName: node
  linkType: hard

"color-convert@npm:^2.0.1":
  version: 2.0.1
  resolution: "color-convert@npm:2.0.1"
  dependencies:
    color-name: "npm:~1.1.4"
  checksum: fa00c91b4332b294de06b443923246bccebe9fab1b253f7fe1772d37b06a2269b4039a85e309abe1fe11b267b11c08d1d0473fda3badd6167f57313af2887a64
  languageName: node
  linkType: hard

"color-name@npm:~1.1.4":
  version: 1.1.4
  resolution: "color-name@npm:1.1.4"
  checksum: b0445859521eb4021cd0fb0cc1a75cecf67fceecae89b63f62b201cca8d345baf8b952c966862a9d9a2632987d4f6581f0ec8d957dfacece86f0a7919316f610
  languageName: node
  linkType: hard

"convert-source-map@npm:^2.0.0":
  version: 2.0.0
  resolution: "convert-source-map@npm:2.0.0"
  checksum: c987be3ec061348cdb3c2bfb924bec86dea1eacad10550a85ca23edb0fe3556c3a61c7399114f3331ccb3499d7fd0285ab24566e5745929412983494c3926e15
  languageName: node
  linkType: hard

"create-require@npm:^1.1.0":
  version: 1.1.1
  resolution: "create-require@npm:1.1.1"
  checksum: a9a1503d4390d8b59ad86f4607de7870b39cad43d929813599a23714831e81c520bddf61bcdd1f8e30f05fd3a2b71ae8538e946eb2786dc65c2bbc520f692eff
  languageName: node
  linkType: hard

"cross-spawn@npm:^7.0.0":
  version: 7.0.3
  resolution: "cross-spawn@npm:7.0.3"
  dependencies:
    path-key: "npm:^3.1.0"
    shebang-command: "npm:^2.0.0"
    which: "npm:^2.0.1"
  checksum: e1a13869d2f57d974de0d9ef7acbf69dc6937db20b918525a01dacb5032129bd552d290d886d981e99f1b624cb03657084cc87bd40f115c07ecf376821c729ce
  languageName: node
  linkType: hard

"diff@npm:^4.0.1":
  version: 4.0.2
  resolution: "diff@npm:4.0.2"
  checksum: ec09ec2101934ca5966355a229d77afcad5911c92e2a77413efda5455636c4cf2ce84057e2d7715227a2eeeda04255b849bd3ae3a4dd22eb22e86e76456df069
  languageName: node
  linkType: hard

"eastasianwidth@npm:^0.2.0":
  version: 0.2.0
  resolution: "eastasianwidth@npm:0.2.0"
  checksum: 9b1d3e1baefeaf7d70799db8774149cef33b97183a6addceeba0cf6b85ba23ee2686f302f14482006df32df75d32b17c509c143a3689627929e4a8efaf483952
  languageName: node
  linkType: hard

"emoji-regex@npm:^8.0.0":
  version: 8.0.0
  resolution: "emoji-regex@npm:8.0.0"
  checksum: c72d67a6821be15ec11997877c437491c313d924306b8da5d87d2a2bcc2cec9903cb5b04ee1a088460501d8e5b44f10df82fdc93c444101a7610b80c8b6938e1
  languageName: node
  linkType: hard

"emoji-regex@npm:^9.2.2":
  version: 9.2.2
  resolution: "emoji-regex@npm:9.2.2"
  checksum: 915acf859cea7131dac1b2b5c9c8e35c4849e325a1d114c30adb8cd615970f6dca0e27f64f3a4949d7d6ed86ecd79a1c5c63f02e697513cddd7b5835c90948b8
  languageName: node
  linkType: hard

"escalade@npm:^3.1.1":
  version: 3.1.1
  resolution: "escalade@npm:3.1.1"
  checksum: afa618e73362576b63f6ca83c975456621095a1ed42ff068174e3f5cea48afc422814dda548c96e6ebb5333e7265140c7292abcc81bbd6ccb1757d50d3a4e182
  languageName: node
  linkType: hard

"find-up@npm:^5.0.0":
  version: 5.0.0
  resolution: "find-up@npm:5.0.0"
  dependencies:
    locate-path: "npm:^6.0.0"
    path-exists: "npm:^4.0.0"
  checksum: 07955e357348f34660bde7920783204ff5a26ac2cafcaa28bace494027158a97b9f56faaf2d89a6106211a8174db650dd9f503f9c0d526b1202d5554a00b9095
  languageName: node
  linkType: hard

"foreground-child@npm:^3.1.0":
  version: 3.1.1
  resolution: "foreground-child@npm:3.1.1"
  dependencies:
    cross-spawn: "npm:^7.0.0"
    signal-exit: "npm:^4.0.1"
  checksum: 087edd44857d258c4f73ad84cb8df980826569656f2550c341b27adf5335354393eec24ea2fabd43a253233fb27cee177ebe46bd0b7ea129c77e87cb1e9936fb
  languageName: node
  linkType: hard

"foreground-child@npm:^3.1.1":
  version: 3.3.0
  resolution: "foreground-child@npm:3.3.0"
  dependencies:
    cross-spawn: "npm:^7.0.0"
    signal-exit: "npm:^4.0.1"
  checksum: e3a60480f3a09b12273ce2c5fcb9514d98dd0e528f58656a1b04680225f918d60a2f81f6a368f2f3b937fcee9cfc0cbf16f1ad9a0bc6a3a6e103a84c9a90087e
  languageName: node
  linkType: hard

"get-caller-file@npm:^2.0.5":
  version: 2.0.5
  resolution: "get-caller-file@npm:2.0.5"
  checksum: b9769a836d2a98c3ee734a88ba712e62703f1df31b94b784762c433c27a386dd6029ff55c2a920c392e33657d80191edbf18c61487e198844844516f843496b9
  languageName: node
  linkType: hard

"glob@npm:10.4.2":
  version: 10.4.2
  resolution: "glob@npm:10.4.2"
  dependencies:
    foreground-child: "npm:^3.1.0"
    jackspeak: "npm:^3.1.2"
    minimatch: "npm:^9.0.4"
    minipass: "npm:^7.1.2"
    package-json-from-dist: "npm:^1.0.0"
    path-scurry: "npm:^1.11.1"
  bin:
    glob: dist/esm/bin.mjs
  checksum: e412776b5952a818eba790c830bea161c9a56813fd767d8c4c49f855603b1fb962b3e73f1f627a47298a57d2992b9f0f2fe15cf93e74ecaaa63fb45d63fdd090
  languageName: node
  linkType: hard

"glob@npm:^10.4.1":
  version: 10.4.5
  resolution: "glob@npm:10.4.5"
  dependencies:
    foreground-child: "npm:^3.1.0"
    jackspeak: "npm:^3.1.2"
    minimatch: "npm:^9.0.4"
    minipass: "npm:^7.1.2"
    package-json-from-dist: "npm:^1.0.0"
    path-scurry: "npm:^1.11.1"
  bin:
    glob: dist/esm/bin.mjs
  checksum: 698dfe11828b7efd0514cd11e573eaed26b2dff611f0400907281ce3eab0c1e56143ef9b35adc7c77ecc71fba74717b510c7c223d34ca8a98ec81777b293d4ac
  languageName: node
  linkType: hard

"has-flag@npm:^4.0.0":
  version: 4.0.0
  resolution: "has-flag@npm:4.0.0"
  checksum: 261a1357037ead75e338156b1f9452c016a37dcd3283a972a30d9e4a87441ba372c8b81f818cd0fbcd9c0354b4ae7e18b9e1afa1971164aef6d18c2b6095a8ad
  languageName: node
  linkType: hard

"html-escaper@npm:^2.0.0":
  version: 2.0.2
  resolution: "html-escaper@npm:2.0.2"
  checksum: 034d74029dcca544a34fb6135e98d427acd73019796ffc17383eaa3ec2fe1c0471dcbbc8f8ed39e46e86d43ccd753a160631615e4048285e313569609b66d5b7
  languageName: node
  linkType: hard

"image-size@workspace:.":
  version: 0.0.0-use.local
  resolution: "image-size@workspace:."
  dependencies:
    "@biomejs/biome": "npm:1.9.4"
    "@types/glob": "npm:8.1.0"
    "@types/node": "npm:18.19.39"
    c8: "npm:10.1.3"
    glob: "npm:10.4.2"
    ts-node: "npm:10.9.2"
    typedoc: "npm:0.25.13"
    typescript: "npm:5.4.5"
  bin:
    image-size: bin/image-size.js
  languageName: unknown
  linkType: soft

"is-fullwidth-code-point@npm:^3.0.0":
  version: 3.0.0
  resolution: "is-fullwidth-code-point@npm:3.0.0"
  checksum: 44a30c29457c7fb8f00297bce733f0a64cd22eca270f83e58c105e0d015e45c019491a4ab2faef91ab51d4738c670daff901c799f6a700e27f7314029e99e348
  languageName: node
  linkType: hard

"isexe@npm:^2.0.0":
  version: 2.0.0
  resolution: "isexe@npm:2.0.0"
  checksum: 7c9f715c03aff08f35e98b1fadae1b9267b38f0615d501824f9743f3aab99ef10e303ce7db3f186763a0b70a19de5791ebfc854ff884d5a8c4d92211f642ec92
  languageName: node
  linkType: hard

"istanbul-lib-coverage@npm:^3.0.0":
  version: 3.0.0
  resolution: "istanbul-lib-coverage@npm:3.0.0"
  checksum: eb0ba205890ee02ea9d76b31d6adf196f532b28a158c0c4db0db6ee6b60de476aca7bba34a9321d17fc396853db758d9430f1202ed28a7a6060e9d1cc8f555c0
  languageName: node
  linkType: hard

"istanbul-lib-coverage@npm:^3.2.0":
  version: 3.2.2
  resolution: "istanbul-lib-coverage@npm:3.2.2"
  checksum: 40bbdd1e937dfd8c830fa286d0f665e81b7a78bdabcd4565f6d5667c99828bda3db7fb7ac6b96a3e2e8a2461ddbc5452d9f8bc7d00cb00075fa6a3e99f5b6a81
  languageName: node
  linkType: hard

"istanbul-lib-report@npm:^3.0.0":
  version: 3.0.0
  resolution: "istanbul-lib-report@npm:3.0.0"
  dependencies:
    istanbul-lib-coverage: "npm:^3.0.0"
    make-dir: "npm:^3.0.0"
    supports-color: "npm:^7.1.0"
  checksum: 06b37952e9cb0fe419a37c7f3d74612a098167a9eb0e5264228036e78b42ca5226501e8130738b5306d94bae2ea068ca674080d4af959992523d84aacff67728
  languageName: node
  linkType: hard

"istanbul-lib-report@npm:^3.0.1":
  version: 3.0.1
  resolution: "istanbul-lib-report@npm:3.0.1"
  dependencies:
    istanbul-lib-coverage: "npm:^3.0.0"
    make-dir: "npm:^4.0.0"
    supports-color: "npm:^7.1.0"
  checksum: 86a83421ca1cf2109a9f6d193c06c31ef04a45e72a74579b11060b1e7bb9b6337a4e6f04abfb8857e2d569c271273c65e855ee429376a0d7c91ad91db42accd1
  languageName: node
  linkType: hard

"istanbul-reports@npm:^3.1.6":
  version: 3.1.7
  resolution: "istanbul-reports@npm:3.1.7"
  dependencies:
    html-escaper: "npm:^2.0.0"
    istanbul-lib-report: "npm:^3.0.0"
  checksum: f1faaa4684efaf57d64087776018d7426312a59aa6eeb4e0e3a777347d23cd286ad18f427e98f0e3dee666103d7404c9d7abc5f240406a912fa16bd6695437fa
  languageName: node
  linkType: hard

"jackspeak@npm:^3.1.2":
  version: 3.4.0
  resolution: "jackspeak@npm:3.4.0"
  dependencies:
    "@isaacs/cliui": "npm:^8.0.2"
    "@pkgjs/parseargs": "npm:^0.11.0"
  dependenciesMeta:
    "@pkgjs/parseargs":
      optional: true
  checksum: 5032c43c0c1fb92e72846ce496df559214253bc6870c90399cbd7858571c53169d9494b7c152df04abcb75f2fb5e9cffe65651c67d573380adf3a482b150d84b
  languageName: node
  linkType: hard

"jsonc-parser@npm:^3.2.0":
  version: 3.2.0
  resolution: "jsonc-parser@npm:3.2.0"
  checksum: bd68b902e5f9394f01da97921f49c5084b2dc03a0c5b4fdb2a429f8d6f292686c1bf87badaeb0a8148d024192a88f5ad2e57b2918ba43fe25cf15f3371db64d4
  languageName: node
  linkType: hard

"locate-path@npm:^6.0.0":
  version: 6.0.0
  resolution: "locate-path@npm:6.0.0"
  dependencies:
    p-locate: "npm:^5.0.0"
  checksum: 72eb661788a0368c099a184c59d2fee760b3831c9c1c33955e8a19ae4a21b4116e53fa736dc086cdeb9fce9f7cc508f2f92d2d3aae516f133e16a2bb59a39f5a
  languageName: node
  linkType: hard

"lru-cache@npm:^10.2.0":
  version: 10.2.2
  resolution: "lru-cache@npm:10.2.2"
  checksum: ff1a496d30b5eaec2c9079080965bb0cede203cf878371f7033a007f1e54cd4aa13cc8abf7ccec4c994a83a22ed5476e83a55bb57cc07e6c1547a42937e42c37
  languageName: node
  linkType: hard

"lunr@npm:^2.3.9":
  version: 2.3.9
  resolution: "lunr@npm:2.3.9"
  checksum: f2f6db34c046f5a767782fe2454e6dd69c75ba3c5cf5c1cb9cacca2313a99c2ba78ff8fa67dac866fb7c4ffd5f22e06684793f5f15ba14bddb598b94513d54bf
  languageName: node
  linkType: hard

"make-dir@npm:^3.0.0":
  version: 3.1.0
  resolution: "make-dir@npm:3.1.0"
  dependencies:
    semver: "npm:^6.0.0"
  checksum: 484200020ab5a1fdf12f393fe5f385fc8e4378824c940fba1729dcd198ae4ff24867bc7a5646331e50cead8abff5d9270c456314386e629acec6dff4b8016b78
  languageName: node
  linkType: hard

"make-dir@npm:^4.0.0":
  version: 4.0.0
  resolution: "make-dir@npm:4.0.0"
  dependencies:
    semver: "npm:^7.5.3"
  checksum: bf0731a2dd3aab4db6f3de1585cea0b746bb73eb5a02e3d8d72757e376e64e6ada190b1eddcde5b2f24a81b688a9897efd5018737d05e02e2a671dda9cff8a8a
  languageName: node
  linkType: hard

"make-error@npm:^1.1.1":
  version: 1.3.6
  resolution: "make-error@npm:1.3.6"
  checksum: b86e5e0e25f7f777b77fabd8e2cbf15737972869d852a22b7e73c17623928fccb826d8e46b9951501d3f20e51ad74ba8c59ed584f610526a48f8ccf88aaec402
  languageName: node
  linkType: hard

"marked@npm:^4.3.0":
  version: 4.3.0
  resolution: "marked@npm:4.3.0"
  bin:
    marked: bin/marked.js
  checksum: c830bb4cb3705b754ca342b656e8a582d7428706b2678c898b856f6030c134ce2d1e19136efa3e6a1841f7330efbd24963d6bdeddc57d2938e906250f99895d0
  languageName: node
  linkType: hard

"minimatch@npm:^9.0.3":
  version: 9.0.3
  resolution: "minimatch@npm:9.0.3"
  dependencies:
    brace-expansion: "npm:^2.0.1"
  checksum: c81b47d28153e77521877649f4bab48348d10938df9e8147a58111fe00ef89559a2938de9f6632910c4f7bf7bb5cd81191a546167e58d357f0cfb1e18cecc1c5
  languageName: node
  linkType: hard

"minimatch@npm:^9.0.4":
  version: 9.0.4
  resolution: "minimatch@npm:9.0.4"
  dependencies:
    brace-expansion: "npm:^2.0.1"
  checksum: 4cdc18d112b164084513e890d6323370db14c22249d536ad1854539577a895e690a27513dc346392f61a4a50afbbd8abc88f3f25558bfbbbb862cd56508b20f5
  languageName: node
  linkType: hard

"minipass@npm:^5.0.0 || ^6.0.2 || ^7.0.0":
  version: 7.0.4
  resolution: "minipass@npm:7.0.4"
  checksum: e864bd02ceb5e0707696d58f7ce3a0b89233f0d686ef0d447a66db705c0846a8dc6f34865cd85256c1472ff623665f616b90b8ff58058b2ad996c5de747d2d18
  languageName: node
  linkType: hard

"minipass@npm:^7.1.2":
  version: 7.1.2
  resolution: "minipass@npm:7.1.2"
  checksum: c25f0ee8196d8e6036661104bacd743785b2599a21de5c516b32b3fa2b83113ac89a2358465bc04956baab37ffb956ae43be679b2262bf7be15fce467ccd7950
  languageName: node
  linkType: hard

"p-limit@npm:^3.0.2":
  version: 3.0.2
  resolution: "p-limit@npm:3.0.2"
  dependencies:
    p-try: "npm:^2.0.0"
  checksum: a3ed7ee45457a167dcd8e59fc4a42aeffcd4954bbadc769101fa2e45ded1e62184cf61102d8528f1ab2ebead662b9ada81d8d5c4651b5e577c1a22e5cb0372d9
  languageName: node
  linkType: hard

"p-locate@npm:^5.0.0":
  version: 5.0.0
  resolution: "p-locate@npm:5.0.0"
  dependencies:
    p-limit: "npm:^3.0.2"
  checksum: 1623088f36cf1cbca58e9b61c4e62bf0c60a07af5ae1ca99a720837356b5b6c5ba3eb1b2127e47a06865fee59dd0453cad7cc844cda9d5a62ac1a5a51b7c86d3
  languageName: node
  linkType: hard

"p-try@npm:^2.0.0":
  version: 2.2.0
  resolution: "p-try@npm:2.2.0"
  checksum: f8a8e9a7693659383f06aec604ad5ead237c7a261c18048a6e1b5b85a5f8a067e469aa24f5bc009b991ea3b058a87f5065ef4176793a200d4917349881216cae
  languageName: node
  linkType: hard

"package-json-from-dist@npm:^1.0.0":
  version: 1.0.0
  resolution: "package-json-from-dist@npm:1.0.0"
  checksum: ac706ec856a5a03f5261e4e48fa974f24feb044d51f84f8332e2af0af04fbdbdd5bbbfb9cbbe354190409bc8307c83a9e38c6672c3c8855f709afb0006a009ea
  languageName: node
  linkType: hard

"path-exists@npm:^4.0.0":
  version: 4.0.0
  resolution: "path-exists@npm:4.0.0"
  checksum: 505807199dfb7c50737b057dd8d351b82c033029ab94cb10a657609e00c1bc53b951cfdbccab8de04c5584d5eff31128ce6afd3db79281874a5ef2adbba55ed1
  languageName: node
  linkType: hard

"path-key@npm:^3.1.0":
  version: 3.1.1
  resolution: "path-key@npm:3.1.1"
  checksum: 55cd7a9dd4b343412a8386a743f9c746ef196e57c823d90ca3ab917f90ab9f13dd0ded27252ba49dbdfcab2b091d998bc446f6220cd3cea65db407502a740020
  languageName: node
  linkType: hard

"path-scurry@npm:^1.11.1":
  version: 1.11.1
  resolution: "path-scurry@npm:1.11.1"
  dependencies:
    lru-cache: "npm:^10.2.0"
    minipass: "npm:^5.0.0 || ^6.0.2 || ^7.0.0"
  checksum: 5e8845c159261adda6f09814d7725683257fcc85a18f329880ab4d7cc1d12830967eae5d5894e453f341710d5484b8fdbbd4d75181b4d6e1eb2f4dc7aeadc434
  languageName: node
  linkType: hard

"require-directory@npm:^2.1.1":
  version: 2.1.1
  resolution: "require-directory@npm:2.1.1"
  checksum: a72468e2589270d91f06c7d36ec97a88db53ae5d6fe3787fadc943f0b0276b10347f89b363b2a82285f650bdcc135ad4a257c61bdd4d00d6df1fa24875b0ddaf
  languageName: node
  linkType: hard

"semver@npm:^6.0.0":
  version: 6.3.0
  resolution: "semver@npm:6.3.0"
  bin:
    semver: ./bin/semver.js
  checksum: 8dd72e7c7cdbd8cff66b5530eeff9eec2342b127eef2c956259cdf66b85addf4829e6e4a045ca30d974d075595b0b03faa6318a597307eb3984649516b98b501
  languageName: node
  linkType: hard

"semver@npm:^7.5.3":
  version: 7.6.3
  resolution: "semver@npm:7.6.3"
  bin:
    semver: bin/semver.js
  checksum: 36b1fbe1a2b6f873559cd57b238f1094a053dbfd997ceeb8757d79d1d2089c56d1321b9f1069ce263dc64cfa922fa1d2ad566b39426fe1ac6c723c1487589e10
  languageName: node
  linkType: hard

"shebang-command@npm:^2.0.0":
  version: 2.0.0
  resolution: "shebang-command@npm:2.0.0"
  dependencies:
    shebang-regex: "npm:^3.0.0"
  checksum: 6b52fe87271c12968f6a054e60f6bde5f0f3d2db483a1e5c3e12d657c488a15474121a1d55cd958f6df026a54374ec38a4a963988c213b7570e1d51575cea7fa
  languageName: node
  linkType: hard

"shebang-regex@npm:^3.0.0":
  version: 3.0.0
  resolution: "shebang-regex@npm:3.0.0"
  checksum: 1a2bcae50de99034fcd92ad4212d8e01eedf52c7ec7830eedcf886622804fe36884278f2be8be0ea5fde3fd1c23911643a4e0f726c8685b61871c8908af01222
  languageName: node
  linkType: hard

"shiki@npm:^0.14.7":
  version: 0.14.7
  resolution: "shiki@npm:0.14.7"
  dependencies:
    ansi-sequence-parser: "npm:^1.1.0"
    jsonc-parser: "npm:^3.2.0"
    vscode-oniguruma: "npm:^1.7.0"
    vscode-textmate: "npm:^8.0.0"
  checksum: be3f2444c65bd0c57802026f171cb42ad571d361ee885be0c292b60785f68c70f19b69310f5ffe7f7a93db4c5ef50211e0a0248794bc6bb48d242bc43fe72a62
  languageName: node
  linkType: hard

"signal-exit@npm:^4.0.1":
  version: 4.0.2
  resolution: "signal-exit@npm:4.0.2"
  checksum: 99d49eab7f24aeed79e44999500d5ff4b9fbb560b0e1f8d47096c54d625b995aeaec3032cce44527adf2de0c303731a8356e234a348d6801214a8a3385a1ff8e
  languageName: node
  linkType: hard

"string-width-cjs@npm:string-width@^4.2.0, string-width@npm:^4.1.0, string-width@npm:^4.2.0, string-width@npm:^4.2.3":
  version: 4.2.3
  resolution: "string-width@npm:4.2.3"
  dependencies:
    emoji-regex: "npm:^8.0.0"
    is-fullwidth-code-point: "npm:^3.0.0"
    strip-ansi: "npm:^6.0.1"
  checksum: e52c10dc3fbfcd6c3a15f159f54a90024241d0f149cf8aed2982a2d801d2e64df0bf1dc351cf8e95c3319323f9f220c16e740b06faecd53e2462df1d2b5443fb
  languageName: node
  linkType: hard

"string-width@npm:^5.0.1, string-width@npm:^5.1.2":
  version: 5.1.2
  resolution: "string-width@npm:5.1.2"
  dependencies:
    eastasianwidth: "npm:^0.2.0"
    emoji-regex: "npm:^9.2.2"
    strip-ansi: "npm:^7.0.1"
  checksum: 7369deaa29f21dda9a438686154b62c2c5f661f8dda60449088f9f980196f7908fc39fdd1803e3e01541970287cf5deae336798337e9319a7055af89dafa7193
  languageName: node
  linkType: hard

"strip-ansi-cjs@npm:strip-ansi@^6.0.1, strip-ansi@npm:^6.0.0, strip-ansi@npm:^6.0.1":
  version: 6.0.1
  resolution: "strip-ansi@npm:6.0.1"
  dependencies:
    ansi-regex: "npm:^5.0.1"
  checksum: ae3b5436d34fadeb6096367626ce987057713c566e1e7768818797e00ac5d62023d0f198c4e681eae9e20701721980b26a64a8f5b91238869592a9c6800719a2
  languageName: node
  linkType: hard

"strip-ansi@npm:^7.0.1":
  version: 7.1.0
  resolution: "strip-ansi@npm:7.1.0"
  dependencies:
    ansi-regex: "npm:^6.0.1"
  checksum: 475f53e9c44375d6e72807284024ac5d668ee1d06010740dec0b9744f2ddf47de8d7151f80e5f6190fc8f384e802fdf9504b76a7e9020c9faee7103623338be2
  languageName: node
  linkType: hard

"supports-color@npm:^7.1.0":
  version: 7.2.0
  resolution: "supports-color@npm:7.2.0"
  dependencies:
    has-flag: "npm:^4.0.0"
  checksum: c8bb7afd564e3b26b50ca6ee47572c217526a1389fe018d00345856d4a9b08ffbd61fadaf283a87368d94c3dcdb8f5ffe2650a5a65863e21ad2730ca0f05210a
  languageName: node
  linkType: hard

"test-exclude@npm:^7.0.1":
  version: 7.0.1
  resolution: "test-exclude@npm:7.0.1"
  dependencies:
    "@istanbuljs/schema": "npm:^0.1.2"
    glob: "npm:^10.4.1"
    minimatch: "npm:^9.0.4"
  checksum: e6f6f4e1df2e7810e082e8d7dfc53be51a931e6e87925f5e1c2ef92cc1165246ba3bf2dae6b5d86251c16925683dba906bd41e40169ebc77120a2d1b5a0dbbe0
  languageName: node
  linkType: hard

"ts-node@npm:10.9.2":
  version: 10.9.2
  resolution: "ts-node@npm:10.9.2"
  dependencies:
    "@cspotcode/source-map-support": "npm:^0.8.0"
    "@tsconfig/node10": "npm:^1.0.7"
    "@tsconfig/node12": "npm:^1.0.7"
    "@tsconfig/node14": "npm:^1.0.0"
    "@tsconfig/node16": "npm:^1.0.2"
    acorn: "npm:^8.4.1"
    acorn-walk: "npm:^8.1.1"
    arg: "npm:^4.1.0"
    create-require: "npm:^1.1.0"
    diff: "npm:^4.0.1"
    make-error: "npm:^1.1.1"
    v8-compile-cache-lib: "npm:^3.0.1"
    yn: "npm:3.1.1"
  peerDependencies:
    "@swc/core": ">=1.2.50"
    "@swc/wasm": ">=1.2.50"
    "@types/node": "*"
    typescript: ">=2.7"
  peerDependenciesMeta:
    "@swc/core":
      optional: true
    "@swc/wasm":
      optional: true
  bin:
    ts-node: dist/bin.js
    ts-node-cwd: dist/bin-cwd.js
    ts-node-esm: dist/bin-esm.js
    ts-node-script: dist/bin-script.js
    ts-node-transpile-only: dist/bin-transpile.js
    ts-script: dist/bin-script-deprecated.js
  checksum: a91a15b3c9f76ac462f006fa88b6bfa528130dcfb849dd7ef7f9d640832ab681e235b8a2bc58ecde42f72851cc1d5d4e22c901b0c11aa51001ea1d395074b794
  languageName: node
  linkType: hard

"typedoc@npm:0.25.13":
  version: 0.25.13
  resolution: "typedoc@npm:0.25.13"
  dependencies:
    lunr: "npm:^2.3.9"
    marked: "npm:^4.3.0"
    minimatch: "npm:^9.0.3"
    shiki: "npm:^0.14.7"
  peerDependencies:
    typescript: 4.6.x || 4.7.x || 4.8.x || 4.9.x || 5.0.x || 5.1.x || 5.2.x || 5.3.x || 5.4.x
  bin:
    typedoc: bin/typedoc
  checksum: 3c82603894b5830c4b027b4f4f9ca70f770b6752c6512a42e780c40cb67fe4c9a144e34a837bb35aab14a125e00a5893e1e6feac1ec86a2add80f46833b279d4
  languageName: node
  linkType: hard

"typescript@npm:5.4.5":
  version: 5.4.5
  resolution: "typescript@npm:5.4.5"
  bin:
    tsc: bin/tsc
    tsserver: bin/tsserver
  checksum: d04a9e27e6d83861f2126665aa8d84847e8ebabcea9125b9ebc30370b98cb38b5dff2508d74e2326a744938191a83a69aa9fddab41f193ffa43eabfdf3f190a5
  languageName: node
  linkType: hard

"typescript@patch:typescript@npm%3A5.4.5#optional!builtin<compat/typescript>":
  version: 5.4.5
  resolution: "typescript@patch:typescript@npm%3A5.4.5#optional!builtin<compat/typescript>::version=5.4.5&hash=e012d7"
  bin:
    tsc: bin/tsc
    tsserver: bin/tsserver
  checksum: 584be8bac7112ad49a9eb9992f71d542b1ff2fafb5bb315e1c196145e8feab589f1d7223cfb2d5df6770789582e6918f8287d1f2f89911b38eb80e29c560ad00
  languageName: node
  linkType: hard

"undici-types@npm:~5.26.4":
  version: 5.26.5
  resolution: "undici-types@npm:5.26.5"
  checksum: 0097779d94bc0fd26f0418b3a05472410408877279141ded2bd449167be1aed7ea5b76f756562cb3586a07f251b90799bab22d9019ceba49c037c76445f7cddd
  languageName: node
  linkType: hard

"v8-compile-cache-lib@npm:^3.0.1":
  version: 3.0.1
  resolution: "v8-compile-cache-lib@npm:3.0.1"
  checksum: 88d3423a52b6aaf1836be779cab12f7016d47ad8430dffba6edf766695e6d90ad4adaa3d8eeb512cc05924f3e246c4a4ca51e089dccf4402caa536b5e5be8961
  languageName: node
  linkType: hard

"v8-to-istanbul@npm:^9.0.0":
  version: 9.3.0
  resolution: "v8-to-istanbul@npm:9.3.0"
  dependencies:
    "@jridgewell/trace-mapping": "npm:^0.3.12"
    "@types/istanbul-lib-coverage": "npm:^2.0.1"
    convert-source-map: "npm:^2.0.0"
  checksum: fb1d70f1176cb9dc46cabbb3fd5c52c8f3e8738b61877b6e7266029aed0870b04140e3f9f4550ac32aebcfe1d0f38b0bac57e1e8fb97d68fec82f2b416148166
  languageName: node
  linkType: hard

"vscode-oniguruma@npm:^1.7.0":
  version: 1.7.0
  resolution: "vscode-oniguruma@npm:1.7.0"
  checksum: 7da9d21459f9788544b258a5fd1b9752df6edd8b406a19eea0209c6bf76507d5717277016799301c4da0d536095f9ca8c06afd1ab8f4001189090c804ca4814e
  languageName: node
  linkType: hard

"vscode-textmate@npm:^8.0.0":
  version: 8.0.0
  resolution: "vscode-textmate@npm:8.0.0"
  checksum: 9fa7d66d6042cb090d116c2d8820d34c8870cfcbaed6e404da89f66b899970ed0ac47b59a2e30fc40a25af5414822bb3ea27974f714e9b91910d69c894be95f7
  languageName: node
  linkType: hard

"which@npm:^2.0.1":
  version: 2.0.2
  resolution: "which@npm:2.0.2"
  dependencies:
    isexe: "npm:^2.0.0"
  bin:
    node-which: ./bin/node-which
  checksum: 4782f8a1d6b8fc12c65e968fea49f59752bf6302dc43036c3bf87da718a80710f61a062516e9764c70008b487929a73546125570acea95c5b5dcc8ac3052c70f
  languageName: node
  linkType: hard

"wrap-ansi-cjs@npm:wrap-ansi@^7.0.0, wrap-ansi@npm:^7.0.0":
  version: 7.0.0
  resolution: "wrap-ansi@npm:7.0.0"
  dependencies:
    ansi-styles: "npm:^4.0.0"
    string-width: "npm:^4.1.0"
    strip-ansi: "npm:^6.0.0"
  checksum: cebdaeca3a6880da410f75209e68cd05428580de5ad24535f22696d7d9cab134d1f8498599f344c3cf0fb37c1715807a183778d8c648d6cc0cb5ff2bb4236540
  languageName: node
  linkType: hard

"wrap-ansi@npm:^8.1.0":
  version: 8.1.0
  resolution: "wrap-ansi@npm:8.1.0"
  dependencies:
    ansi-styles: "npm:^6.1.0"
    string-width: "npm:^5.0.1"
    strip-ansi: "npm:^7.0.1"
  checksum: 7b1e4b35e9bb2312d2ee9ee7dc95b8cb5f8b4b5a89f7dde5543fe66c1e3715663094defa50d75454ac900bd210f702d575f15f3f17fa9ec0291806d2578d1ddf
  languageName: node
  linkType: hard

"y18n@npm:^5.0.5":
  version: 5.0.5
  resolution: "y18n@npm:5.0.5"
  checksum: aa5307f9fe60030928c9f5401b0352009030a05404aae78bfa1d943661cca147a6ff3702466241da7a8d82eb15e952343c501db239854b57f3f28e73999196de
  languageName: node
  linkType: hard

"yargs-parser@npm:^21.1.1":
  version: 21.1.1
  resolution: "yargs-parser@npm:21.1.1"
  checksum: 9dc2c217ea3bf8d858041252d43e074f7166b53f3d010a8c711275e09cd3d62a002969a39858b92bbda2a6a63a585c7127014534a560b9c69ed2d923d113406e
  languageName: node
  linkType: hard

"yargs@npm:^17.7.2":
  version: 17.7.2
  resolution: "yargs@npm:17.7.2"
  dependencies:
    cliui: "npm:^8.0.1"
    escalade: "npm:^3.1.1"
    get-caller-file: "npm:^2.0.5"
    require-directory: "npm:^2.1.1"
    string-width: "npm:^4.2.3"
    y18n: "npm:^5.0.5"
    yargs-parser: "npm:^21.1.1"
  checksum: abb3e37678d6e38ea85485ed86ebe0d1e3464c640d7d9069805ea0da12f69d5a32df8e5625e370f9c96dd1c2dc088ab2d0a4dd32af18222ef3c4224a19471576
  languageName: node
  linkType: hard

"yn@npm:3.1.1":
  version: 3.1.1
  resolution: "yn@npm:3.1.1"
  checksum: 2c487b0e149e746ef48cda9f8bad10fc83693cd69d7f9dcd8be4214e985de33a29c9e24f3c0d6bcf2288427040a8947406ab27f7af67ee9456e6b84854f02dd6
  languageName: node
  linkType: hard
