# THIS IS AN AUTOGENERATED FILE. DO NOT EDIT THIS FILE DIRECTLY.
# yarn lockfile v1


"@bcoe/v8-coverage@^1.0.1":
  version "1.0.2"

"@biomejs/biome@1.9.4":
  version "1.9.4"
  optionalDependencies:
    "@biomejs/cli-darwin-arm64" "1.9.4"
    "@biomejs/cli-darwin-x64" "1.9.4"
    "@biomejs/cli-linux-arm64" "1.9.4"
    "@biomejs/cli-linux-arm64-musl" "1.9.4"
    "@biomejs/cli-linux-x64" "1.9.4"
    "@biomejs/cli-linux-x64-musl" "1.9.4"
    "@biomejs/cli-win32-arm64" "1.9.4"
    "@biomejs/cli-win32-x64" "1.9.4"

"@biomejs/cli-darwin-arm64@1.9.4":
  version "1.9.4"

"@cspotcode/source-map-support@^0.8.0":
  version "0.8.1"
  dependencies:
    "@jridgewell/trace-mapping" "0.3.9"

"@esbuild/darwin-arm64@0.24.2":
  version "0.24.2"

"@isaacs/cliui@^8.0.2":
  version "8.0.2"
  dependencies:
    string-width "^5.1.2"
    string-width-cjs "npm:string-width@^4.2.0"
    strip-ansi "^7.0.1"
    strip-ansi-cjs "npm:strip-ansi@^6.0.1"
    wrap-ansi "^8.1.0"
    wrap-ansi-cjs "npm:wrap-ansi@^7.0.0"

"@istanbuljs/schema@^0.1.2", "@istanbuljs/schema@^0.1.3":
  version "0.1.3"

"@jridgewell/gen-mapping@^0.3.2":
  version "0.3.8"
  dependencies:
    "@jridgewell/set-array" "^1.2.1"
    "@jridgewell/sourcemap-codec" "^1.4.10"
    "@jridgewell/trace-mapping" "^0.3.24"

"@jridgewell/resolve-uri@^3.0.3", "@jridgewell/resolve-uri@^3.1.0":
  version "3.1.2"

"@jridgewell/set-array@^1.2.1":
  version "1.2.1"

"@jridgewell/sourcemap-codec@^1.4.10", "@jridgewell/sourcemap-codec@^1.4.14":
  version "1.5.0"

"@jridgewell/trace-mapping@^0.3.12", "@jridgewell/trace-mapping@^0.3.24":
  version "0.3.25"
  dependencies:
    "@jridgewell/resolve-uri" "^3.1.0"
    "@jridgewell/sourcemap-codec" "^1.4.14"

"@jridgewell/trace-mapping@0.3.9":
  version "0.3.9"
  dependencies:
    "@jridgewell/resolve-uri" "^3.0.3"
    "@jridgewell/sourcemap-codec" "^1.4.10"

"@pkgjs/parseargs@^0.11.0":
  version "0.11.0"

"@rollup/rollup-darwin-arm64@4.34.8":
  version "4.34.8"

"@tsconfig/node10@^1.0.7":
  version "1.0.11"

"@tsconfig/node12@^1.0.7":
  version "1.0.11"

"@tsconfig/node14@^1.0.0":
  version "1.0.3"

"@tsconfig/node16@^1.0.2":
  version "1.0.4"

"@types/estree@1.0.6":
  version "1.0.6"

"@types/glob@8.1.0":
  version "8.1.0"
  dependencies:
    "@types/minimatch" "^5.1.2"
    "@types/node" "*"

"@types/istanbul-lib-coverage@^2.0.1":
  version "2.0.6"

"@types/minimatch@^5.1.2":
  version "5.1.2"

"@types/node@*", "@types/node@18.19.39":
  version "18.19.39"
  dependencies:
    undici-types "~5.26.4"

acorn-walk@^8.1.1:
  version "8.3.4"
  dependencies:
    acorn "^8.11.0"

acorn@^8.11.0, acorn@^8.4.1:
  version "8.14.0"

ansi-regex@^5.0.1:
  version "5.0.1"

ansi-regex@^6.0.1:
  version "6.1.0"

ansi-sequence-parser@^1.1.0:
  version "1.1.3"

ansi-styles@^4.0.0:
  version "4.3.0"
  dependencies:
    color-convert "^2.0.1"

ansi-styles@^6.1.0:
  version "6.2.1"

any-promise@^1.0.0:
  version "1.3.0"

arg@^4.1.0:
  version "4.1.3"

balanced-match@^1.0.0:
  version "1.0.2"

brace-expansion@^2.0.1:
  version "2.0.1"
  dependencies:
    balanced-match "^1.0.0"

bundle-require@^5.0.0:
  version "5.1.0"
  dependencies:
    load-tsconfig "^0.2.3"

c8@10.1.3:
  version "10.1.3"
  dependencies:
    "@bcoe/v8-coverage" "^1.0.1"
    "@istanbuljs/schema" "^0.1.3"
    find-up "^5.0.0"
    foreground-child "^3.1.1"
    istanbul-lib-coverage "^3.2.0"
    istanbul-lib-report "^3.0.1"
    istanbul-reports "^3.1.6"
    test-exclude "^7.0.1"
    v8-to-istanbul "^9.0.0"
    yargs "^17.7.2"
    yargs-parser "^21.1.1"

cac@^6.7.14:
  version "6.7.14"

chokidar@^4.0.1:
  version "4.0.3"
  dependencies:
    readdirp "^4.0.1"

cliui@^8.0.1:
  version "8.0.1"
  dependencies:
    string-width "^4.2.0"
    strip-ansi "^6.0.1"
    wrap-ansi "^7.0.0"

color-convert@^2.0.1:
  version "2.0.1"
  dependencies:
    color-name "~1.1.4"

color-name@~1.1.4:
  version "1.1.4"

commander@^4.0.0:
  version "4.1.1"

consola@^3.2.3:
  version "3.4.0"

convert-source-map@^2.0.0:
  version "2.0.0"

create-require@^1.1.0:
  version "1.1.1"

cross-spawn@^7.0.0:
  version "7.0.6"
  dependencies:
    path-key "^3.1.0"
    shebang-command "^2.0.0"
    which "^2.0.1"

debug@^4.3.7:
  version "4.4.0"
  dependencies:
    ms "^2.1.3"

diff@^4.0.1:
  version "4.0.2"

eastasianwidth@^0.2.0:
  version "0.2.0"

emoji-regex@^8.0.0:
  version "8.0.0"

emoji-regex@^9.2.2:
  version "9.2.2"

esbuild@^0.24.0, esbuild@>=0.18:
  version "0.24.2"
  optionalDependencies:
    "@esbuild/aix-ppc64" "0.24.2"
    "@esbuild/android-arm" "0.24.2"
    "@esbuild/android-arm64" "0.24.2"
    "@esbuild/android-x64" "0.24.2"
    "@esbuild/darwin-arm64" "0.24.2"
    "@esbuild/darwin-x64" "0.24.2"
    "@esbuild/freebsd-arm64" "0.24.2"
    "@esbuild/freebsd-x64" "0.24.2"
    "@esbuild/linux-arm" "0.24.2"
    "@esbuild/linux-arm64" "0.24.2"
    "@esbuild/linux-ia32" "0.24.2"
    "@esbuild/linux-loong64" "0.24.2"
    "@esbuild/linux-mips64el" "0.24.2"
    "@esbuild/linux-ppc64" "0.24.2"
    "@esbuild/linux-riscv64" "0.24.2"
    "@esbuild/linux-s390x" "0.24.2"
    "@esbuild/linux-x64" "0.24.2"
    "@esbuild/netbsd-arm64" "0.24.2"
    "@esbuild/netbsd-x64" "0.24.2"
    "@esbuild/openbsd-arm64" "0.24.2"
    "@esbuild/openbsd-x64" "0.24.2"
    "@esbuild/sunos-x64" "0.24.2"
    "@esbuild/win32-arm64" "0.24.2"
    "@esbuild/win32-ia32" "0.24.2"
    "@esbuild/win32-x64" "0.24.2"

escalade@^3.1.1:
  version "3.2.0"

fdir@^6.4.2:
  version "6.4.3"

find-up@^5.0.0:
  version "5.0.0"
  dependencies:
    locate-path "^6.0.0"
    path-exists "^4.0.0"

foreground-child@^3.1.0, foreground-child@^3.1.1:
  version "3.3.0"
  dependencies:
    cross-spawn "^7.0.0"
    signal-exit "^4.0.1"

fsevents@~2.3.2:
  version "2.3.3"

get-caller-file@^2.0.5:
  version "2.0.5"

glob@^10.3.10, glob@^10.4.1, glob@10.4.2:
  version "10.4.2"
  dependencies:
    foreground-child "^3.1.0"
    jackspeak "^3.1.2"
    minimatch "^9.0.4"
    minipass "^7.1.2"
    package-json-from-dist "^1.0.0"
    path-scurry "^1.11.1"

has-flag@^4.0.0:
  version "4.0.0"

html-escaper@^2.0.0:
  version "2.0.2"

is-fullwidth-code-point@^3.0.0:
  version "3.0.0"

isexe@^2.0.0:
  version "2.0.0"

istanbul-lib-coverage@^3.0.0, istanbul-lib-coverage@^3.2.0:
  version "3.2.2"

istanbul-lib-report@^3.0.0, istanbul-lib-report@^3.0.1:
  version "3.0.1"
  dependencies:
    istanbul-lib-coverage "^3.0.0"
    make-dir "^4.0.0"
    supports-color "^7.1.0"

istanbul-reports@^3.1.6:
  version "3.1.7"
  dependencies:
    html-escaper "^2.0.0"
    istanbul-lib-report "^3.0.0"

jackspeak@^3.1.2:
  version "3.4.3"
  dependencies:
    "@isaacs/cliui" "^8.0.2"
  optionalDependencies:
    "@pkgjs/parseargs" "^0.11.0"

joycon@^3.1.1:
  version "3.1.1"

jsonc-parser@^3.2.0:
  version "3.3.1"

lilconfig@^3.1.1:
  version "3.1.3"

lines-and-columns@^1.1.6:
  version "1.2.4"

load-tsconfig@^0.2.3:
  version "0.2.5"

locate-path@^6.0.0:
  version "6.0.0"
  dependencies:
    p-locate "^5.0.0"

lodash.sortby@^4.7.0:
  version "4.7.0"

lru-cache@^10.2.0:
  version "10.4.3"

lunr@^2.3.9:
  version "2.3.9"

make-dir@^4.0.0:
  version "4.0.0"
  dependencies:
    semver "^7.5.3"

make-error@^1.1.1:
  version "1.3.6"

marked@^4.3.0:
  version "4.3.0"

minimatch@^9.0.3, minimatch@^9.0.4:
  version "9.0.5"
  dependencies:
    brace-expansion "^2.0.1"

"minipass@^5.0.0 || ^6.0.2 || ^7.0.0", minipass@^7.1.2:
  version "7.1.2"

ms@^2.1.3:
  version "2.1.3"

mz@^2.7.0:
  version "2.7.0"
  dependencies:
    any-promise "^1.0.0"
    object-assign "^4.0.1"
    thenify-all "^1.0.0"

object-assign@^4.0.1:
  version "4.1.1"

p-limit@^3.0.2:
  version "3.1.0"
  dependencies:
    yocto-queue "^0.1.0"

p-locate@^5.0.0:
  version "5.0.0"
  dependencies:
    p-limit "^3.0.2"

package-json-from-dist@^1.0.0:
  version "1.0.1"

path-exists@^4.0.0:
  version "4.0.0"

path-key@^3.1.0:
  version "3.1.1"

path-scurry@^1.11.1:
  version "1.11.1"
  dependencies:
    lru-cache "^10.2.0"
    minipass "^5.0.0 || ^6.0.2 || ^7.0.0"

picocolors@^1.1.1:
  version "1.1.1"

"picomatch@^3 || ^4", picomatch@^4.0.2:
  version "4.0.2"

pirates@^4.0.1:
  version "4.0.6"

postcss-load-config@^6.0.1:
  version "6.0.1"
  dependencies:
    lilconfig "^3.1.1"

punycode@^2.1.0:
  version "2.3.1"

readdirp@^4.0.1:
  version "4.1.2"

require-directory@^2.1.1:
  version "2.1.1"

resolve-from@^5.0.0:
  version "5.0.0"

rollup@^4.24.0:
  version "4.34.8"
  dependencies:
    "@types/estree" "1.0.6"
  optionalDependencies:
    "@rollup/rollup-android-arm-eabi" "4.34.8"
    "@rollup/rollup-android-arm64" "4.34.8"
    "@rollup/rollup-darwin-arm64" "4.34.8"
    "@rollup/rollup-darwin-x64" "4.34.8"
    "@rollup/rollup-freebsd-arm64" "4.34.8"
    "@rollup/rollup-freebsd-x64" "4.34.8"
    "@rollup/rollup-linux-arm-gnueabihf" "4.34.8"
    "@rollup/rollup-linux-arm-musleabihf" "4.34.8"
    "@rollup/rollup-linux-arm64-gnu" "4.34.8"
    "@rollup/rollup-linux-arm64-musl" "4.34.8"
    "@rollup/rollup-linux-loongarch64-gnu" "4.34.8"
    "@rollup/rollup-linux-powerpc64le-gnu" "4.34.8"
    "@rollup/rollup-linux-riscv64-gnu" "4.34.8"
    "@rollup/rollup-linux-s390x-gnu" "4.34.8"
    "@rollup/rollup-linux-x64-gnu" "4.34.8"
    "@rollup/rollup-linux-x64-musl" "4.34.8"
    "@rollup/rollup-win32-arm64-msvc" "4.34.8"
    "@rollup/rollup-win32-ia32-msvc" "4.34.8"
    "@rollup/rollup-win32-x64-msvc" "4.34.8"
    fsevents "~2.3.2"

semver@^7.5.3:
  version "7.7.1"

shebang-command@^2.0.0:
  version "2.0.0"
  dependencies:
    shebang-regex "^3.0.0"

shebang-regex@^3.0.0:
  version "3.0.0"

shiki@^0.14.7:
  version "0.14.7"
  dependencies:
    ansi-sequence-parser "^1.1.0"
    jsonc-parser "^3.2.0"
    vscode-oniguruma "^1.7.0"
    vscode-textmate "^8.0.0"

signal-exit@^4.0.1:
  version "4.1.0"

source-map@0.8.0-beta.0:
  version "0.8.0-beta.0"
  dependencies:
    whatwg-url "^7.0.0"

"string-width-cjs@npm:string-width@^4.2.0":
  version "4.2.3"
  dependencies:
    emoji-regex "^8.0.0"
    is-fullwidth-code-point "^3.0.0"
    strip-ansi "^6.0.1"

string-width@^4.1.0, string-width@^4.2.0, string-width@^4.2.3:
  version "4.2.3"
  dependencies:
    emoji-regex "^8.0.0"
    is-fullwidth-code-point "^3.0.0"
    strip-ansi "^6.0.1"

string-width@^5.0.1, string-width@^5.1.2:
  version "5.1.2"
  dependencies:
    eastasianwidth "^0.2.0"
    emoji-regex "^9.2.2"
    strip-ansi "^7.0.1"

"strip-ansi-cjs@npm:strip-ansi@^6.0.1":
  version "6.0.1"
  dependencies:
    ansi-regex "^5.0.1"

strip-ansi@^6.0.0, strip-ansi@^6.0.1:
  version "6.0.1"
  dependencies:
    ansi-regex "^5.0.1"

strip-ansi@^7.0.1:
  version "7.1.0"
  dependencies:
    ansi-regex "^6.0.1"

sucrase@^3.35.0:
  version "3.35.0"
  dependencies:
    "@jridgewell/gen-mapping" "^0.3.2"
    commander "^4.0.0"
    glob "^10.3.10"
    lines-and-columns "^1.1.6"
    mz "^2.7.0"
    pirates "^4.0.1"
    ts-interface-checker "^0.1.9"

supports-color@^7.1.0:
  version "7.2.0"
  dependencies:
    has-flag "^4.0.0"

test-exclude@^7.0.1:
  version "7.0.1"
  dependencies:
    "@istanbuljs/schema" "^0.1.2"
    glob "^10.4.1"
    minimatch "^9.0.4"

thenify-all@^1.0.0:
  version "1.6.0"
  dependencies:
    thenify ">= 3.1.0 < 4"

"thenify@>= 3.1.0 < 4":
  version "3.3.1"
  dependencies:
    any-promise "^1.0.0"

tinyexec@^0.3.1:
  version "0.3.2"

tinyglobby@^0.2.9:
  version "0.2.10"
  dependencies:
    fdir "^6.4.2"
    picomatch "^4.0.2"

tr46@^1.0.1:
  version "1.0.1"
  dependencies:
    punycode "^2.1.0"

tree-kill@^1.2.2:
  version "1.2.2"

ts-interface-checker@^0.1.9:
  version "0.1.13"

ts-node@10.9.2:
  version "10.9.2"
  dependencies:
    "@cspotcode/source-map-support" "^0.8.0"
    "@tsconfig/node10" "^1.0.7"
    "@tsconfig/node12" "^1.0.7"
    "@tsconfig/node14" "^1.0.0"
    "@tsconfig/node16" "^1.0.2"
    acorn "^8.4.1"
    acorn-walk "^8.1.1"
    arg "^4.1.0"
    create-require "^1.1.0"
    diff "^4.0.1"
    make-error "^1.1.1"
    v8-compile-cache-lib "^3.0.1"
    yn "3.1.1"

tsup@8.3.5:
  version "8.3.5"
  dependencies:
    bundle-require "^5.0.0"
    cac "^6.7.14"
    chokidar "^4.0.1"
    consola "^3.2.3"
    debug "^4.3.7"
    esbuild "^0.24.0"
    joycon "^3.1.1"
    picocolors "^1.1.1"
    postcss-load-config "^6.0.1"
    resolve-from "^5.0.0"
    rollup "^4.24.0"
    source-map "0.8.0-beta.0"
    sucrase "^3.35.0"
    tinyexec "^0.3.1"
    tinyglobby "^0.2.9"
    tree-kill "^1.2.2"

typedoc@0.25.13:
  version "0.25.13"
  dependencies:
    lunr "^2.3.9"
    marked "^4.3.0"
    minimatch "^9.0.3"
    shiki "^0.14.7"

typescript@>=2.7, typescript@>=4.5.0, "typescript@4.6.x || 4.7.x || 4.8.x || 4.9.x || 5.0.x || 5.1.x || 5.2.x || 5.3.x || 5.4.x", typescript@5.4.5:
  version "5.4.5"

undici-types@~5.26.4:
  version "5.26.5"

v8-compile-cache-lib@^3.0.1:
  version "3.0.1"

v8-to-istanbul@^9.0.0:
  version "9.3.0"
  dependencies:
    "@jridgewell/trace-mapping" "^0.3.12"
    "@types/istanbul-lib-coverage" "^2.0.1"
    convert-source-map "^2.0.0"

vscode-oniguruma@^1.7.0:
  version "1.7.0"

vscode-textmate@^8.0.0:
  version "8.0.0"

webidl-conversions@^4.0.2:
  version "4.0.2"

whatwg-url@^7.0.0:
  version "7.1.0"
  dependencies:
    lodash.sortby "^4.7.0"
    tr46 "^1.0.1"
    webidl-conversions "^4.0.2"

which@^2.0.1:
  version "2.0.2"
  dependencies:
    isexe "^2.0.0"

"wrap-ansi-cjs@npm:wrap-ansi@^7.0.0":
  version "7.0.0"
  dependencies:
    ansi-styles "^4.0.0"
    string-width "^4.1.0"
    strip-ansi "^6.0.0"

wrap-ansi@^7.0.0:
  version "7.0.0"
  dependencies:
    ansi-styles "^4.0.0"
    string-width "^4.1.0"
    strip-ansi "^6.0.0"

wrap-ansi@^8.1.0:
  version "8.1.0"
  dependencies:
    ansi-styles "^6.1.0"
    string-width "^5.0.1"
    strip-ansi "^7.0.1"

y18n@^5.0.5:
  version "5.0.8"

yargs-parser@^21.1.1:
  version "21.1.1"

yargs@^17.7.2:
  version "17.7.2"
  dependencies:
    cliui "^8.0.1"
    escalade "^3.1.1"
    get-caller-file "^2.0.5"
    require-directory "^2.1.1"
    string-width "^4.2.3"
    y18n "^5.0.5"
    yargs-parser "^21.1.1"

yn@3.1.1:
  version "3.1.1"

yocto-queue@^0.1.0:
  version "0.1.0"
